// !$*UTF8*$!
{
	archiveVersion = 1;
	classes = {
	};
	objectVersion = 48;
	objects = {

/* Begin PBXBuildFile section */
		BA8B62C5235150CB001D10BB /* AppDelegate.swift in Sources */ = {isa = PBXBuildFile; fileRef = BA8B62C4235150CB001D10BB /* AppDelegate.swift */; };
		BA8B62C7235150CB001D10BB /* ViewController.swift in Sources */ = {isa = PBXBuildFile; fileRef = BA8B62C6235150CB001D10BB /* ViewController.swift */; };
		BA8B62CA235150CB001D10BB /* Main.storyboard in Resources */ = {isa = PBXBuildFile; fileRef = BA8B62C8235150CB001D10BB /* Main.storyboard */; };
		BA8B62CD235150CC001D10BB /* DoubanBooks.xcdatamodeld in Sources */ = {isa = PBXBuildFile; fileRef = BA8B62CB235150CC001D10BB /* DoubanBooks.xcdatamodeld */; };
		BA8B62CF235150CC001D10BB /* Assets.xcassets in Resources */ = {isa = PBXBuildFile; fileRef = BA8B62CE235150CC001D10BB /* Assets.xcassets */; };
		BA8B62D2235150CC001D10BB /* LaunchScreen.storyboard in Resources */ = {isa = PBXBuildFile; fileRef = BA8B62D0235150CC001D10BB /* LaunchScreen.storyboard */; };
		BA8B62DD235150CC001D10BB /* DoubanBooksTests.swift in Sources */ = {isa = PBXBuildFile; fileRef = BA8B62DC235150CC001D10BB /* DoubanBooksTests.swift */; };
/* End PBXBuildFile section */

/* Begin PBXContainerItemProxy section */
		BA8B62D9235150CC001D10BB /* PBXContainerItemProxy */ = {
			isa = PBXContainerItemProxy;
			containerPortal = BA8B62B9235150CB001D10BB /* Project object */;
			proxyType = 1;
			remoteGlobalIDString = BA8B62C0235150CB001D10BB;
			remoteInfo = DoubanBooks;
		};
/* End PBXContainerItemProxy section */

/* Begin PBXFileReference section */
		BA8B62C1235150CB001D10BB /* DoubanBooks.app */ = {isa = PBXFileReference; explicitFileType = wrapper.application; includeInIndex = 0; path = DoubanBooks.app; sourceTree = BUILT_PRODUCTS_DIR; };
		BA8B62C4235150CB001D10BB /* AppDelegate.swift */ = {isa = PBXFileReference; lastKnownFileType = sourcecode.swift; path = AppDelegate.swift; sourceTree = "<group>"; };
		BA8B62C6235150CB001D10BB /* ViewController.swift */ = {isa = PBXFileReference; lastKnownFileType = sourcecode.swift; path = ViewController.swift; sourceTree = "<group>"; };
		BA8B62C9235150CB001D10BB /* Base */ = {isa = PBXFileReference; lastKnownFileType = file.storyboard; name = Base; path = Base.lproj/Main.storyboard; sourceTree = "<group>"; };
		BA8B62CC235150CC001D10BB /* DoubanBooks.xcdatamodel */ = {isa = PBXFileReference; lastKnownFileType = wrapper.xcdatamodel; path = DoubanBooks.xcdatamodel; sourceTree = "<group>"; };
		BA8B62CE235150CC001D10BB /* Assets.xcassets */ = {isa = PBXFileReference; lastKnownFileType = folder.assetcatalog; path = Assets.xcassets; sourceTree = "<group>"; };
		BA8B62D1235150CC001D10BB /* Base */ = {isa = PBXFileReference; lastKnownFileType = file.storyboard; name = Base; path = Base.lproj/LaunchScreen.storyboard; sourceTree = "<group>"; };
		BA8B62D3235150CC001D10BB /* Info.plist */ = {isa = PBXFileReference; lastKnownFileType = text.plist.xml; path = Info.plist; sourceTree = "<group>"; };
		BA8B62D8235150CC001D10BB /* DoubanBooksTests.xctest */ = {isa = PBXFileReference; explicitFileType = wrapper.cfbundle; includeInIndex = 0; path = DoubanBooksTests.xctest; sourceTree = BUILT_PRODUCTS_DIR; };
		BA8B62DC235150CC001D10BB /* DoubanBooksTests.swift */ = {isa = PBXFileReference; lastKnownFileType = sourcecode.swift; path = DoubanBooksTests.swift; sourceTree = "<group>"; };
		BA8B62DE235150CC001D10BB /* Info.plist */ = {isa = PBXFileReference; lastKnownFileType = text.plist.xml; path = Info.plist; sourceTree = "<group>"; };
/* End PBXFileReference section */

/* Begin PBXFrameworksBuildPhase section */
		BA8B62BE235150CB001D10BB /* Frameworks */ = {
			isa = PBXFrameworksBuildPhase;
			buildActionMask = 2147483647;
			files = (
			);
			runOnlyForDeploymentPostprocessing = 0;
		};
		BA8B62D5235150CC001D10BB /* Frameworks */ = {
			isa = PBXFrameworksBuildPhase;
			buildActionMask = 2147483647;
			files = (
			);
			runOnlyForDeploymentPostprocessing = 0;
		};
/* End PBXFrameworksBuildPhase section */

/* Begin PBXGroup section */
		BA8B62B8235150CB001D10BB = {
			isa = PBXGroup;
			children = (
				BA8B62C3235150CB001D10BB /* DoubanBooks */,
				BA8B62DB235150CC001D10BB /* DoubanBooksTests */,
				BA8B62C2235150CB001D10BB /* Products */,
			);
			sourceTree = "<group>";
		};
		BA8B62C2235150CB001D10BB /* Products */ = {
			isa = PBXGroup;
			children = (
				BA8B62C1235150CB001D10BB /* DoubanBooks.app */,
				BA8B62D8235150CC001D10BB /* DoubanBooksTests.xctest */,
			);
			name = Products;
			sourceTree = "<group>";
		};
		BA8B62C3235150CB001D10BB /* DoubanBooks */ = {
			isa = PBXGroup;
			children = (
				BA8B62C4235150CB001D10BB /* AppDelegate.swift */,
				BA8B62C6235150CB001D10BB /* ViewController.swift */,
				BA8B62C8235150CB001D10BB /* Main.storyboard */,
				BA8B62CE235150CC001D10BB /* Assets.xcassets */,
				BA8B62D0235150CC001D10BB /* LaunchScreen.storyboard */,
				BA8B62D3235150CC001D10BB /* Info.plist */,
				BA8B62CB235150CC001D10BB /* DoubanBooks.xcdatamodeld */,
			);
			path = DoubanBooks;
			sourceTree = "<group>";
		};
		BA8B62DB235150CC001D10BB /* DoubanBooksTests */ = {
			isa = PBXGroup;
			children = (
				BA8B62DC235150CC001D10BB /* DoubanBooksTests.swift */,
				BA8B62DE235150CC001D10BB /* Info.plist */,
			);
			path = DoubanBooksTests;
			sourceTree = "<group>";
		};
/* End PBXGroup section */

/* Begin PBXNativeTarget section */
		BA8B62C0235150CB001D10BB /* DoubanBooks */ = {
			isa = PBXNativeTarget;
			buildConfigurationList = BA8B62E1235150CC001D10BB /* Build configuration list for PBXNativeTarget "DoubanBooks" */;
			buildPhases = (
				BA8B62BD235150CB001D10BB /* Sources */,
				BA8B62BE235150CB001D10BB /* Frameworks */,
				BA8B62BF235150CB001D10BB /* Resources */,
			);
			buildRules = (
			);
			dependencies = (
			);
			name = DoubanBooks;
			productName = DoubanBooks;
			productReference = BA8B62C1235150CB001D10BB /* DoubanBooks.app */;
			productType = "com.apple.product-type.application";
		};
		BA8B62D7235150CC001D10BB /* DoubanBooksTests */ = {
			isa = PBXNativeTarget;
			buildConfigurationList = BA8B62E4235150CC001D10BB /* Build configuration list for PBXNativeTarget "DoubanBooksTests" */;
			buildPhases = (
				BA8B62D4235150CC001D10BB /* Sources */,
				BA8B62D5235150CC001D10BB /* Frameworks */,
				BA8B62D6235150CC001D10BB /* Resources */,
			);
			buildRules = (
			);
			dependencies = (
				BA8B62DA235150CC001D10BB /* PBXTargetDependency */,
			);
			name = DoubanBooksTests;
			productName = DoubanBooksTests;
			productReference = BA8B62D8235150CC001D10BB /* DoubanBooksTests.xctest */;
			productType = "com.apple.product-type.bundle.unit-test";
		};
/* End PBXNativeTarget section */

/* Begin PBXProject section */
		BA8B62B9235150CB001D10BB /* Project object */ = {
			isa = PBXProject;
			attributes = {
				LastSwiftUpdateCheck = 0920;
				LastUpgradeCheck = 0920;
				ORGANIZATIONNAME = 2017yd;
				TargetAttributes = {
					BA8B62C0235150CB001D10BB = {
						CreatedOnToolsVersion = 9.2;
						ProvisioningStyle = Automatic;
					};
					BA8B62D7235150CC001D10BB = {
						CreatedOnToolsVersion = 9.2;
						ProvisioningStyle = Automatic;
						TestTargetID = BA8B62C0235150CB001D10BB;
					};
				};
			};
			buildConfigurationList = BA8B62BC235150CB001D10BB /* Build configuration list for PBXProject "DoubanBooks" */;
			compatibilityVersion = "Xcode 8.0";
			developmentRegion = en;
			hasScannedForEncodings = 0;
			knownRegions = (
				en,
				Base,
			);
			mainGroup = BA8B62B8235150CB001D10BB;
			productRefGroup = BA8B62C2235150CB001D10BB /* Products */;
			projectDirPath = "";
			projectRoot = "";
			targets = (
				BA8B62C0235150CB001D10BB /* DoubanBooks */,
				BA8B62D7235150CC001D10BB /* DoubanBooksTests */,
			);
		};
/* End PBXProject section */

/* Begin PBXResourcesBuildPhase section */
		BA8B62BF235150CB001D10BB /* Resources */ = {
			isa = PBXResourcesBuildPhase;
			buildActionMask = 2147483647;
			files = (
				BA8B62D2235150CC001D10BB /* LaunchScreen.storyboard in Resources */,
				BA8B62CF235150CC001D10BB /* Assets.xcassets in Resources */,
				BA8B62CA235150CB001D10BB /* Main.storyboard in Resources */,
			);
			runOnlyForDeploymentPostprocessing = 0;
		};
		BA8B62D6235150CC001D10BB /* Resources */ = {
			isa = PBXResourcesBuildPhase;
			buildActionMask = 2147483647;
			files = (
			);
			runOnlyForDeploymentPostprocessing = 0;
		};
/* End PBXResourcesBuildPhase section */

/* Begin PBXSourcesBuildPhase section */
		BA8B62BD235150CB001D10BB /* Sources */ = {
			isa = PBXSourcesBuildPhase;
			buildActionMask = 2147483647;
			files = (
				BA8B62C7235150CB001D10BB /* ViewController.swift in Sources */,
				BA8B62CD235150CC001D10BB /* DoubanBooks.xcdatamodeld in Sources */,
				BA8B62C5235150CB001D10BB /* AppDelegate.swift in Sources */,
			);
			runOnlyForDeploymentPostprocessing = 0;
		};
		BA8B62D4235150CC001D10BB /* Sources */ = {
			isa = PBXSourcesBuildPhase;
			buildActionMask = 2147483647;
			files = (
				BA8B62DD235150CC001D10BB /* DoubanBooksTests.swift in Sources */,
			);
			runOnlyForDeploymentPostprocessing = 0;
		};
/* End PBXSourcesBuildPhase section */

/* Begin PBXTargetDependency section */
		BA8B62DA235150CC001D10BB /* PBXTargetDependency */ = {
			isa = PBXTargetDependency;
			target = BA8B62C0235150CB001D10BB /* DoubanBooks */;
			targetProxy = BA8B62D9235150CC001D10BB /* PBXContainerItemProxy */;
		};
/* End PBXTargetDependency section */

/* Begin PBXVariantGroup section */
		BA8B62C8235150CB001D10BB /* Main.storyboard */ = {
			isa = PBXVariantGroup;
			children = (
				BA8B62C9235150CB001D10BB /* Base */,
			);
			name = Main.storyboard;
			sourceTree = "<group>";
		};
		BA8B62D0235150CC001D10BB /* LaunchScreen.storyboard */ = {
			isa = PBXVariantGroup;
			children = (
				BA8B62D1235150CC001D10BB /* Base */,
			);
			name = LaunchScreen.storyboard;
			sourceTree = "<group>";
		};
/* End PBXVariantGroup section */

/* Begin XCBuildConfiguration section */
		BA8B62DF235150CC001D10BB /* Debug */ = {
			isa = XCBuildConfiguration;
			buildSettings = {
				ALWAYS_SEARCH_USER_PATHS = NO;
				CLANG_ANALYZER_NONNULL = YES;
				CLANG_ANALYZER_NUMBER_OBJECT_CONVERSION = YES_AGGRESSIVE;
				CLANG_CXX_LANGUAGE_STANDARD = "gnu++14";
				CLANG_CXX_LIBRARY = "libc++";
				CLANG_ENABLE_MODULES = YES;
				CLANG_ENABLE_OBJC_ARC = YES;
				CLANG_WARN_BLOCK_CAPTURE_AUTORELEASING = YES;
				CLANG_WARN_BOOL_CONVERSION = YES;
				CLANG_WARN_COMMA = YES;
				CLANG_WARN_CONSTANT_CONVERSION = YES;
				CLANG_WARN_DIRECT_OBJC_ISA_USAGE = YES_ERROR;
				CLANG_WARN_DOCUMENTATION_COMMENTS = YES;
				CLANG_WARN_EMPTY_BODY = YES;
				CLANG_WARN_ENUM_CONVERSION = YES;
				CLANG_WARN_INFINITE_RECURSION = YES;
				CLANG_WARN_INT_CONVERSION = YES;
				CLANG_WARN_NON_LITERAL_NULL_CONVERSION = YES;
				CLANG_WARN_OBJC_LITERAL_CONVERSION = YES;
				CLANG_WARN_OBJC_ROOT_CLASS = YES_ERROR;
				CLANG_WARN_RANGE_LOOP_ANALYSIS = YES;
				CLANG_WARN_STRICT_PROTOTYPES = YES;
				CLANG_WARN_SUSPICIOUS_MOVE = YES;
				CLANG_WARN_UNGUARDED_AVAILABILITY = YES_AGGRESSIVE;
				CLANG_WARN_UNREACHABLE_CODE = YES;
				CLANG_WARN__DUPLICATE_METHOD_MATCH = YES;
				CODE_SIGN_IDENTITY = "iPhone Developer";
				COPY_PHASE_STRIP = NO;
				DEBUG_INFORMATION_FORMAT = dwarf;
				ENABLE_STRICT_OBJC_MSGSEND = YES;
				ENABLE_TESTABILITY = YES;
				GCC_C_LANGUAGE_STANDARD = gnu11;
				GCC_DYNAMIC_NO_PIC = NO;
				GCC_NO_COMMON_BLOCKS = YES;
				GCC_OPTIMIZATION_LEVEL = 0;
				GCC_PREPROCESSOR_DEFINITIONS = (
					"DEBUG=1",
					"$(inherited)",
				);
				GCC_WARN_64_TO_32_BIT_CONVERSION = YES;
				GCC_WARN_ABOUT_RETURN_TYPE = YES_ERROR;
				GCC_WARN_UNDECLARED_SELECTOR = YES;
				GCC_WARN_UNINITIALIZED_AUTOS = YES_AGGRESSIVE;
				GCC_WARN_UNUSED_FUNCTION = YES;
				GCC_WARN_UNUSED_VARIABLE = YES;
				IPHONEOS_DEPLOYMENT_TARGET = 11.2;
				MTL_ENABLE_DEBUG_INFO = YES;
				ONLY_ACTIVE_ARCH = YES;
				SDKROOT = iphoneos;
				SWIFT_ACTIVE_COMPILATION_CONDITIONS = DEBUG;
				SWIFT_OPTIMIZATION_LEVEL = "-Onone";
			};
			name = Debug;
		};
		BA8B62E0235150CC001D10BB /* Release */ = {
			isa = XCBuildConfiguration;
			buildSettings = {
				ALWAYS_SEARCH_USER_PATHS = NO;
				CLANG_ANALYZER_NONNULL = YES;
				CLANG_ANALYZER_NUMBER_OBJECT_CONVERSION = YES_AGGRESSIVE;
				CLANG_CXX_LANGUAGE_STANDARD = "gnu++14";
				CLANG_CXX_LIBRARY = "libc++";
				CLANG_ENABLE_MODULES = YES;
				CLANG_ENABLE_OBJC_ARC = YES;
				CLANG_WARN_BLOCK_CAPTURE_AUTORELEASING = YES;
				CLANG_WARN_BOOL_CONVERSION = YES;
				CLANG_WARN_COMMA = YES;
				CLANG_WARN_CONSTANT_CONVERSION = YES;
				CLANG_WARN_DIRECT_OBJC_ISA_USAGE = YES_ERROR;
				CLANG_WARN_DOCUMENTATION_COMMENTS = YES;
				CLANG_WARN_EMPTY_BODY = YES;
				CLANG_WARN_ENUM_CONVERSION = YES;
				CLANG_WARN_INFINITE_RECURSION = YES;
				CLANG_WARN_INT_CONVERSION = YES;
				CLANG_WARN_NON_LITERAL_NULL_CONVERSION = YES;
				CLANG_WARN_OBJC_LITERAL_CONVERSION = YES;
				CLANG_WARN_OBJC_ROOT_CLASS = YES_ERROR;
				CLANG_WARN_RANGE_LOOP_ANALYSIS = YES;
				CLANG_WARN_STRICT_PROTOTYPES = YES;
				CLANG_WARN_SUSPICIOUS_MOVE = YES;
				CLANG_WARN_UNGUARDED_AVAILABILITY = YES_AGGRESSIVE;
				CLANG_WARN_UNREACHABLE_CODE = YES;
				CLANG_WARN__DUPLICATE_METHOD_MATCH = YES;
				CODE_SIGN_IDENTITY = "iPhone Developer";
				COPY_PHASE_STRIP = NO;
				DEBUG_INFORMATION_FORMAT = "dwarf-with-dsym";
				ENABLE_NS_ASSERTIONS = NO;
				ENABLE_STRICT_OBJC_MSGSEND = YES;
				GCC_C_LANGUAGE_STANDARD = gnu11;
				GCC_NO_COMMON_BLOCKS = YES;
				GCC_WARN_64_TO_32_BIT_CONVERSION = YES;
				GCC_WARN_ABOUT_RETURN_TYPE = YES_ERROR;
				GCC_WARN_UNDECLARED_SELECTOR = YES;
				GCC_WARN_UNINITIALIZED_AUTOS = YES_AGGRESSIVE;
				GCC_WARN_UNUSED_FUNCTION = YES;
				GCC_WARN_UNUSED_VARIABLE = YES;
				IPHONEOS_DEPLOYMENT_TARGET = 11.2;
				MTL_ENABLE_DEBUG_INFO = NO;
				SDKROOT = iphoneos;
				SWIFT_OPTIMIZATION_LEVEL = "-Owholemodule";
				VALIDATE_PRODUCT = YES;
			};
			name = Release;
		};
		BA8B62E2235150CC001D10BB /* Debug */ = {
			isa = XCBuildConfiguration;
			buildSettings = {
				ASSETCATALOG_COMPILER_APPICON_NAME = AppIcon;
				CODE_SIGN_STYLE = Automatic;
				INFOPLIST_FILE = DoubanBooks/Info.plist;
				LD_RUNPATH_SEARCH_PATHS = "$(inherited) @executable_path/Frameworks";
				PRODUCT_BUNDLE_IDENTIFIER = "-01712.DoubanBooks";
				PRODUCT_NAME = "$(TARGET_NAME)";
				SWIFT_VERSION = 4.0;
				TARGETED_DEVICE_FAMILY = "1,2";
			};
			name = Debug;
		};
		BA8B62E3235150CC001D10BB /* Release */ = {
			isa = XCBuildConfiguration;
			buildSettings = {
				ASSETCATALOG_COMPILER_APPICON_NAME = AppIcon;
				CODE_SIGN_STYLE = Automatic;
				INFOPLIST_FILE = DoubanBooks/Info.plist;
				LD_RUNPATH_SEARCH_PATHS = "$(inherited) @executable_path/Frameworks";
				PRODUCT_BUNDLE_IDENTIFIER = "-01712.DoubanBooks";
				PRODUCT_NAME = "$(TARGET_NAME)";
				SWIFT_VERSION = 4.0;
				TARGETED_DEVICE_FAMILY = "1,2";
			};
			name = Release;
		};
		BA8B62E5235150CC001D10BB /* Debug */ = {
			isa = XCBuildConfiguration;
			buildSettings = {
				ALWAYS_EMBED_SWIFT_STANDARD_LIBRARIES = YES;
				BUNDLE_LOADER = "$(TEST_HOST)";
				CODE_SIGN_STYLE = Automatic;
				INFOPLIST_FILE = DoubanBooksTests/Info.plist;
				LD_RUNPATH_SEARCH_PATHS = "$(inherited) @executable_path/Frameworks @loader_path/Frameworks";
				PRODUCT_BUNDLE_IDENTIFIER = "-01712.DoubanBooksTests";
				PRODUCT_NAME = "$(TARGET_NAME)";
				SWIFT_VERSION = 4.0;
				TARGETED_DEVICE_FAMILY = "1,2";
				TEST_HOST = "$(BUILT_PRODUCTS_DIR)/DoubanBooks.app/DoubanBooks";
			};
			name = Debug;
		};
		BA8B62E6235150CC001D10BB /* Release */ = {
			isa = XCBuildConfiguration;
			buildSettings = {
				ALWAYS_EMBED_SWIFT_STANDARD_LIBRARIES = YES;
				BUNDLE_LOADER = "$(TEST_HOST)";
				CODE_SIGN_STYLE = Automatic;
				INFOPLIST_FILE = DoubanBooksTests/Info.plist;
				LD_RUNPATH_SEARCH_PATHS = "$(inherited) @executable_path/Frameworks @loader_path/Frameworks";
				PRODUCT_BUNDLE_IDENTIFIER = "-01712.DoubanBooksTests";
				PRODUCT_NAME = "$(TARGET_NAME)";
				SWIFT_VERSION = 4.0;
				TARGETED_DEVICE_FAMILY = "1,2";
				TEST_HOST = "$(BUILT_PRODUCTS_DIR)/DoubanBooks.app/DoubanBooks";
			};
			name = Release;
		};
/* End XCBuildConfiguration section */

/* Begin XCConfigurationList section */
		BA8B62BC235150CB001D10BB /* Build configuration list for PBXProject "DoubanBooks" */ = {
			isa = XCConfigurationList;
			buildConfigurations = (
				BA8B62DF235150CC001D10BB /* Debug */,
				BA8B62E0235150CC001D10BB /* Release */,
			);
			defaultConfigurationIsVisible = 0;
			defaultConfigurationName = Release;
		};
		BA8B62E1235150CC001D10BB /* Build configuration list for PBXNativeTarget "DoubanBooks" */ = {
			isa = XCConfigurationList;
			buildConfigurations = (
				BA8B62E2235150CC001D10BB /* Debug */,
				BA8B62E3235150CC001D10BB /* Release */,
			);
			defaultConfigurationIsVisible = 0;
			defaultConfigurationName = Release;
		};
		BA8B62E4235150CC001D10BB /* Build configuration list for PBXNativeTarget "DoubanBooksTests" */ = {
			isa = XCConfigurationList;
			buildConfigurations = (
				BA8B62E5235150CC001D10BB /* Debug */,
				BA8B62E6235150CC001D10BB /* Release */,
			);
			defaultConfigurationIsVisible = 0;
			defaultConfigurationName = Release;
		};
/* End XCConfigurationList section */

/* Begin XCVersionGroup section */
		BA8B62CB235150CC001D10BB /* DoubanBooks.xcdatamodeld */ = {
			isa = XCVersionGroup;
			children = (
				BA8B62CC235150CC001D10BB /* DoubanBooks.xcdatamodel */,
			);
			currentVersion = BA8B62CC235150CC001D10BB /* DoubanBooks.xcdatamodel */;
			path = DoubanBooks.xcdatamodeld;
			sourceTree = "<group>";
			versionGroupType = wrapper.xcdatamodel;
		};
/* End XCVersionGroup section */
	};
	rootObject = BA8B62B9235150CB001D10BB /* Project object */;
}
